
Microsoft Visual Studio Solution File, Format Version 12.00
# Visual Studio 15
VisualStudioVersion = 15.0.27130.2027
MinimumVisualStudioVersion = 10.0.40219.1
Project("{9A19103F-16F7-4668-BE54-9A1E7A4F7556}") = "Todo.App", "src\server\Todo.App\Todo.App.csproj", "{5D23C963-7360-4BB2-932E-44B0662FF30C}"
EndProject
Project("{E53339B2-1760-4266-BCC7-CA923CBCF16C}") = "docker-compose", "docker-compose.dcproj", "{56931B46-E2C1-464D-B570-CECF4FFB4144}"
EndProject
Project("{2150E333-8FDC-42A3-9474-1A3956D46DE8}") = "src", "src", "{E4A797DA-4B57-4958-BD64-3371E9AE4305}"
EndProject
Project("{9A19103F-16F7-4668-BE54-9A1E7A4F7556}") = "Todo.Core", "src\server\Todo.Core\Todo.Core.csproj", "{7A3BD6AB-82CE-4FCB-A7B9-858E7355347E}"
EndProject
Project("{9A19103F-16F7-4668-BE54-9A1E7A4F7556}") = "Todo.Infrastructure", "src\server\Todo.Infrastructure\Todo.Infrastructure.csproj", "{28B38EEB-7D94-460C-923C-7A4E0999C89A}"
EndProject
Project("{2150E333-8FDC-42A3-9474-1A3956D46DE8}") = "tests", "tests", "{9945F76D-A0C1-4484-A79A-B009F8EC8033}"
EndProject
Project("{9A19103F-16F7-4668-BE54-9A1E7A4F7556}") = "Todo.Tests", "tests\Todo.Tests\Todo.Tests.csproj", "{5DD3384E-8A8E-4CDC-9323-1199BD1EE3F4}"
EndProject
Project("{2150E333-8FDC-42A3-9474-1A3956D46DE8}") = "server", "server", "{B441F580-24F6-44BA-BDDC-4E8525C1C0D6}"
EndProject
Project("{2150E333-8FDC-42A3-9474-1A3956D46DE8}") = "client", "client", "{5D114556-3BF3-49C6-B469-1CC904F69AC6}"
EndProject
Project("{2150E333-8FDC-42A3-9474-1A3956D46DE8}") = "todo-react", "todo-react", "{9C7B771D-CF3C-408D-A541-EED4AA6CFCA8}"
	ProjectSection(SolutionItems) = preProject
		src\client\todo-react\config-overrides.js = src\client\todo-react\config-overrides.js
		src\client\todo-react\Dockerfile.dev = src\client\todo-react\Dockerfile.dev
		src\client\todo-react\package-lock.json = src\client\todo-react\package-lock.json
		src\client\todo-react\package.json = src\client\todo-react\package.json
		src\client\todo-react\README.md = src\client\todo-react\README.md
		src\client\todo-react\tsconfig.json = src\client\todo-react\tsconfig.json
		src\client\todo-react\tsconfig.test.json = src\client\todo-react\tsconfig.test.json
		src\client\todo-react\tslint.json = src\client\todo-react\tslint.json
		src\client\todo-react\yarn-error.log = src\client\todo-react\yarn-error.log
		src\client\todo-react\yarn.lock = src\client\todo-react\yarn.lock
	EndProjectSection
EndProject
Global
	GlobalSection(SolutionConfigurationPlatforms) = preSolution
		Debug|Any CPU = Debug|Any CPU
		Release|Any CPU = Release|Any CPU
	EndGlobalSection
	GlobalSection(ProjectConfigurationPlatforms) = postSolution
		{5D23C963-7360-4BB2-932E-44B0662FF30C}.Debug|Any CPU.ActiveCfg = Debug|Any CPU
		{5D23C963-7360-4BB2-932E-44B0662FF30C}.Debug|Any CPU.Build.0 = Debug|Any CPU
		{5D23C963-7360-4BB2-932E-44B0662FF30C}.Release|Any CPU.ActiveCfg = Release|Any CPU
		{5D23C963-7360-4BB2-932E-44B0662FF30C}.Release|Any CPU.Build.0 = Release|Any CPU
		{56931B46-E2C1-464D-B570-CECF4FFB4144}.Debug|Any CPU.ActiveCfg = Debug|Any CPU
		{56931B46-E2C1-464D-B570-CECF4FFB4144}.Debug|Any CPU.Build.0 = Debug|Any CPU
		{56931B46-E2C1-464D-B570-CECF4FFB4144}.Release|Any CPU.ActiveCfg = Release|Any CPU
		{56931B46-E2C1-464D-B570-CECF4FFB4144}.Release|Any CPU.Build.0 = Release|Any CPU
		{7A3BD6AB-82CE-4FCB-A7B9-858E7355347E}.Debug|Any CPU.ActiveCfg = Debug|Any CPU
		{7A3BD6AB-82CE-4FCB-A7B9-858E7355347E}.Debug|Any CPU.Build.0 = Debug|Any CPU
		{7A3BD6AB-82CE-4FCB-A7B9-858E7355347E}.Release|Any CPU.ActiveCfg = Release|Any CPU
		{7A3BD6AB-82CE-4FCB-A7B9-858E7355347E}.Release|Any CPU.Build.0 = Release|Any CPU
		{28B38EEB-7D94-460C-923C-7A4E0999C89A}.Debug|Any CPU.ActiveCfg = Debug|Any CPU
		{28B38EEB-7D94-460C-923C-7A4E0999C89A}.Debug|Any CPU.Build.0 = Debug|Any CPU
		{28B38EEB-7D94-460C-923C-7A4E0999C89A}.Release|Any CPU.ActiveCfg = Release|Any CPU
		{28B38EEB-7D94-460C-923C-7A4E0999C89A}.Release|Any CPU.Build.0 = Release|Any CPU
		{5DD3384E-8A8E-4CDC-9323-1199BD1EE3F4}.Debug|Any CPU.ActiveCfg = Debug|Any CPU
		{5DD3384E-8A8E-4CDC-9323-1199BD1EE3F4}.Debug|Any CPU.Build.0 = Debug|Any CPU
		{5DD3384E-8A8E-4CDC-9323-1199BD1EE3F4}.Release|Any CPU.ActiveCfg = Release|Any CPU
		{5DD3384E-8A8E-4CDC-9323-1199BD1EE3F4}.Release|Any CPU.Build.0 = Release|Any CPU
	EndGlobalSection
	GlobalSection(SolutionProperties) = preSolution
		HideSolutionNode = FALSE
	EndGlobalSection
	GlobalSection(NestedProjects) = preSolution
		{5D23C963-7360-4BB2-932E-44B0662FF30C} = {B441F580-24F6-44BA-BDDC-4E8525C1C0D6}
		{7A3BD6AB-82CE-4FCB-A7B9-858E7355347E} = {B441F580-24F6-44BA-BDDC-4E8525C1C0D6}
		{28B38EEB-7D94-460C-923C-7A4E0999C89A} = {B441F580-24F6-44BA-BDDC-4E8525C1C0D6}
		{5DD3384E-8A8E-4CDC-9323-1199BD1EE3F4} = {9945F76D-A0C1-4484-A79A-B009F8EC8033}
		{B441F580-24F6-44BA-BDDC-4E8525C1C0D6} = {E4A797DA-4B57-4958-BD64-3371E9AE4305}
		{5D114556-3BF3-49C6-B469-1CC904F69AC6} = {E4A797DA-4B57-4958-BD64-3371E9AE4305}
		{9C7B771D-CF3C-408D-A541-EED4AA6CFCA8} = {5D114556-3BF3-49C6-B469-1CC904F69AC6}
	EndGlobalSection
	GlobalSection(ExtensibilityGlobals) = postSolution
		SolutionGuid = {1274C0B9-90DF-49CF-BDC8-A3AC14A95172}
	EndGlobalSection
EndGlobal
